
Microsoft Visual Studio Solution File, Format Version 12.00
# Visual Studio Version 17
VisualStudioVersion = 17.5.33424.131
MinimumVisualStudioVersion = 10.0.40219.1
Project("{FAE04EC0-301F-11D3-BF4B-00C04F79EFBC}") = "RabbitMQWeb.Watermark", "RabbitMQWeb.Watermark\RabbitMQWeb.Watermark.csproj", "{2EDC0A2B-06A7-4C83-A6FE-AF47E3F581DD}"
EndProject
Global
	GlobalSection(SolutionConfigurationPlatforms) = preSolution
		Debug|Any CPU = Debug|Any CPU
		Release|Any CPU = Release|Any CPU
	EndGlobalSection
	GlobalSection(ProjectConfigurationPlatforms) = postSolution
		{2EDC0A2B-06A7-4C83-A6FE-AF47E3F581DD}.Debug|Any CPU.ActiveCfg = Debug|Any CPU
		{2EDC0A2B-06A7-4C83-A6FE-AF47E3F581DD}.Debug|Any CPU.Build.0 = Debug|Any CPU
		{2EDC0A2B-06A7-4C83-A6FE-AF47E3F581DD}.Release|Any CPU.ActiveCfg = Release|Any CPU
		{2EDC0A2B-06A7-4C83-A6FE-AF47E3F581DD}.Release|Any CPU.Build.0 = Release|Any CPU
	EndGlobalSection
	GlobalSection(SolutionProperties) = preSolution
		HideSolutionNode = FALSE
	EndGlobalSection
	GlobalSection(ExtensibilityGlobals) = postSolution
		SolutionGuid = {7DE77A25-003C-4E60-B2EE-FD6742792E87}
	EndGlobalSection
EndGlobal
